PODS:
  - Alamofire (2.0.0-beta.4)
  - Moya (2.0.0):
    - Moya/Core (= 2.0.0)
  - Moya/Core (2.0.0):
    - Alamofire
  - Moya/ReactiveCore (2.0.0):
    - Moya/Core
  - Moya/RxSwift (2.0.0):
    - Moya/ReactiveCore
    - RxSwift
  - Nimble (2.0.0-rc.3)
  - OHHTTPStubs (4.2.0):
    - OHHTTPStubs/Default (= 4.2.0)
  - OHHTTPStubs/Core (4.2.0)
  - OHHTTPStubs/Default (4.2.0):
    - OHHTTPStubs/Core
    - OHHTTPStubs/JSON
    - OHHTTPStubs/NSURLSession
    - OHHTTPStubs/OHPathHelpers
  - OHHTTPStubs/JSON (4.2.0):
    - OHHTTPStubs/Core
  - OHHTTPStubs/NSURLSession (4.2.0):
    - OHHTTPStubs/Core
  - OHHTTPStubs/OHPathHelpers (4.2.0)
  - Quick (0.6.0)
  - RxSwift (2.0-alpha.1)

DEPENDENCIES:
  - Alamofire (from `https://github.com/Alamofire/Alamofire`, branch `swift-2.0`)
  - Moya (from `../`)
  - Moya/RxSwift (from `../`)
  - Nimble (from `https://github.com/Quick/Nimble`, branch `swift-2.0`)
  - OHHTTPStubs
  - Quick (from `https://github.com/Quick/Quick`, branch `swift-2.0`)
  - RxSwift (from `https://github.com/ReactiveX/RxSwift`, branch `rxswift-2.0`)

EXTERNAL SOURCES:
  Alamofire:
    :branch: swift-2.0
    :git: https://github.com/Alamofire/Alamofire
  Moya:
    :path: ../
  Nimble:
    :branch: swift-2.0
    :git: https://github.com/Quick/Nimble
  Quick:
    :branch: swift-2.0
    :git: https://github.com/Quick/Quick
  RxSwift:
    :branch: rxswift-2.0
    :git: https://github.com/ReactiveX/RxSwift

CHECKOUT OPTIONS:
  Alamofire:
    :commit: 1108ae4461baa99d9c4898c213ec3e2e2956fab3
    :git: https://github.com/Alamofire/Alamofire
  Nimble:
    :commit: 8baefcc94bc2b58b7be3cd9ebfc3984ea5c8b87e
    :git: https://github.com/Quick/Nimble
  Quick:
    :commit: 503f1515427d0cd2eaa19830694dcde60c46d945
    :git: https://github.com/Quick/Quick
  RxSwift:
    :commit: 6139b16ca3be78eca1da55f06704869cd5b7796b
    :git: https://github.com/ReactiveX/RxSwift

SPEC CHECKSUMS:
  Alamofire: 20df1a4740a69d7cf6caf7fd06b8a8fc782f1ebd
  Moya: 4f6ee0cc668b80d6eed825ba48b571a67781240f
  Nimble: 2f64d173ad23dc39f10110840a1ed15f29ef75e8
  OHHTTPStubs: f639130b83fb5f4f022d38f841141b0a6fa77249
  Quick: aaa961333f0bec39bfefa4b759128e4eb39f0d0e
  RxSwift: 48982aff7a725bc6d0799aae6d539f360b940ff4

COCOAPODS: 0.39.0.beta.3
